
Microsoft Visual Studio Solution File, Format Version 12.00
# Visual Studio Version 16
VisualStudioVersion = 16.0.30320.27
MinimumVisualStudioVersion = 10.0.40219.1
Project("{9A19103F-16F7-4668-BE54-9A1E7A4F7556}") = "LoveSharp.Tiled", "LoveSharp.Tiled.csproj", "{8FA1BF95-7839-48FE-8585-B3D6483DE64D}"
EndProject
Project("{FAE04EC0-301F-11D3-BF4B-00C04F79EFBC}") = "LoveSharp.Tiled.Test", "..\LoveSharp.Tiled.Test\LoveSharp.Tiled.Test.csproj", "{F5F0FD9D-A29E-4C35-9B91-847894529796}"
EndProject
Global
	GlobalSection(SolutionConfigurationPlatforms) = preSolution
		Debug|Any CPU = Debug|Any CPU
		Release|Any CPU = Release|Any CPU
	EndGlobalSection
	GlobalSection(ProjectConfigurationPlatforms) = postSolution
		{8FA1BF95-7839-48FE-8585-B3D6483DE64D}.Debug|Any CPU.ActiveCfg = Debug|Any CPU
		{8FA1BF95-7839-48FE-8585-B3D6483DE64D}.Debug|Any CPU.Build.0 = Debug|Any CPU
		{8FA1BF95-7839-48FE-8585-B3D6483DE64D}.Release|Any CPU.ActiveCfg = Release|Any CPU
		{8FA1BF95-7839-48FE-8585-B3D6483DE64D}.Release|Any CPU.Build.0 = Release|Any CPU
		{F5F0FD9D-A29E-4C35-9B91-847894529796}.Debug|Any CPU.ActiveCfg = Debug|Any CPU
		{F5F0FD9D-A29E-4C35-9B91-847894529796}.Debug|Any CPU.Build.0 = Debug|Any CPU
		{F5F0FD9D-A29E-4C35-9B91-847894529796}.Release|Any CPU.ActiveCfg = Release|Any CPU
		{F5F0FD9D-A29E-4C35-9B91-847894529796}.Release|Any CPU.Build.0 = Release|Any CPU
	EndGlobalSection
	GlobalSection(SolutionProperties) = preSolution
		HideSolutionNode = FALSE
	EndGlobalSection
	GlobalSection(ExtensibilityGlobals) = postSolution
		SolutionGuid = {CB6AC7B6-D74C-49DD-8B8F-649E6AF48E2C}
	EndGlobalSection
EndGlobal
